{
  "name": "Practise Probles",
  "lockfileVersion": 2,
  "requires": true,
  "packages": {
    "": {
      "dependencies": {
        "datastructures-js": "^12.0.0"
      }
    },
    "node_modules/@datastructures-js/binary-search-tree": {
      "version": "5.0.0",
      "resolved": "https://registry.npmjs.org/@datastructures-js/binary-search-tree/-/binary-search-tree-5.0.0.tgz",
      "integrity": "sha512-EmuioutC6PWc6rDOYCSoPj4Yh8R5/1NCO6cqMa06S05wyWr2Y2DIcm71gVgQ3Nt9UBJny5Z9yXCVXGw1F7/3ng=="
    },
    "node_modules/@datastructures-js/deque": {
      "version": "1.0.3",
      "resolved": "https://registry.npmjs.org/@datastructures-js/deque/-/deque-1.0.3.tgz",
      "integrity": "sha512-RAX/MdOLxKhjecTMZnZsPRLmqlmRgeC45rl2gRrbe8NvF0pVt2S1fopm/DGF/JDA1T8XSRxKvDGn7OamwusMIQ=="
    },
    "node_modules/@datastructures-js/graph": {
      "version": "5.1.4",
      "resolved": "https://registry.npmjs.org/@datastructures-js/graph/-/graph-5.1.4.tgz",
      "integrity": "sha512-mvk9vC/YIvok0++Ix4sMweJXMJXbORcm5NwqGRpNC2flozpPVYF/OtnfUYu3ssawGR9qTbx8o/a9nthWv2/NLg==",
      "dependencies": {
        "@datastructures-js/queue": "^3.1.3"
      }
    },
    "node_modules/@datastructures-js/graph/node_modules/@datastructures-js/queue": {
      "version": "3.1.4",
      "resolved": "https://registry.npmjs.org/@datastructures-js/queue/-/queue-3.1.4.tgz",
      "integrity": "sha512-8QqkdAJQDDd25OBX28lKj7HXD+Cxs6Ee0ogJkZUjD5R1fAvRAWsrCeKop0szqANYjMwdQQd75vyc3Cm8qNJH+Q=="
    },
    "node_modules/@datastructures-js/heap": {
      "version": "4.1.0",
      "resolved": "https://registry.npmjs.org/@datastructures-js/heap/-/heap-4.1.0.tgz",
      "integrity": "sha512-PFKWpDhd1BEdKw2FErddES8bLT6R2/FiivT42eByshG+9vNUpsGuOr7tsKcqRo1S3XyfBnQT711HVQt2k6xRQw=="
    },
    "node_modules/@datastructures-js/linked-list": {
      "version": "5.2.2",
      "resolved": "https://registry.npmjs.org/@datastructures-js/linked-list/-/linked-list-5.2.2.tgz",
      "integrity": "sha512-7NsMI5vElTWu+FaW8cx/Ac4shn68jivuYgoic+q7lhZSvG3UL2XIVOeuLRxp1ShJtn0ubqOxgVMB+i4qRG8d+Q=="
    },
    "node_modules/@datastructures-js/priority-queue": {
      "version": "6.1.1",
      "resolved": "https://registry.npmjs.org/@datastructures-js/priority-queue/-/priority-queue-6.1.1.tgz",
      "integrity": "sha512-wKhIstYPW5bEbe8lzHLllktnrzw1P5KR0Rc5lZZTVMDjt6O4b8KxGxIvgs9txdtWdkVKFoiP2SbhxHArx2EYBA==",
      "dependencies": {
        "@datastructures-js/heap": "^4.0.2"
      }
    },
    "node_modules/@datastructures-js/queue": {
      "version": "4.2.1",
      "resolved": "https://registry.npmjs.org/@datastructures-js/queue/-/queue-4.2.1.tgz",
      "integrity": "sha512-j23SNg1EyUzPhKeW37inqil/+YHwL/IIuaDftrrpqv0OKLJ6N5hhuYtGe33WCm5QppmIvbk5/dMwJ4UW+MzJPw=="
    },
    "node_modules/@datastructures-js/set": {
      "version": "4.2.0",
      "resolved": "https://registry.npmjs.org/@datastructures-js/set/-/set-4.2.0.tgz",
      "integrity": "sha512-sFlV2JuXS1Jtv0FHf5A/l+cWcLAI7/u1FVN0SBgMImYe+c27z06CojoZaWrpv3IksHbKxVO2e6aazHKjc+JApw=="
    },
    "node_modules/@datastructures-js/stack": {
      "version": "3.1.3",
      "resolved": "https://registry.npmjs.org/@datastructures-js/stack/-/stack-3.1.3.tgz",
      "integrity": "sha512-SMqL5ZaK787grYKkW7wJw48q2qYKd/IPcaKVOmdVJQK3cUa3A/NYE9Aab58ZcTZKAjIJd31KAtWzcuFvhTzsBA=="
    },
    "node_modules/@datastructures-js/trie": {
      "version": "4.2.1",
      "resolved": "https://registry.npmjs.org/@datastructures-js/trie/-/trie-4.2.1.tgz",
      "integrity": "sha512-pplzhTrE6KbcU7JnA2ss+EOpiuvd7v121ljoGmwI1VNBG2F5Vwg64LOkrDss+x7wyo7gNOOs/ITds6Bt8in1JQ=="
    },
    "node_modules/datastructures-js": {
      "version": "12.0.0",
      "resolved": "https://registry.npmjs.org/datastructures-js/-/datastructures-js-12.0.0.tgz",
      "integrity": "sha512-IxgPUTpIxoABph09Io2UYpVWoPWogSt0zjdHotWF4Nt8pBTYcWLmk14JOks5TngQHSQb3aiBs4V9Imvv3nYbIg==",
      "dependencies": {
        "@datastructures-js/binary-search-tree": "^5.0.0",
        "@datastructures-js/deque": "^1.0.3",
        "@datastructures-js/graph": "^5.1.4",
        "@datastructures-js/heap": "^4.1.0",
        "@datastructures-js/linked-list": "^5.2.2",
        "@datastructures-js/priority-queue": "^6.1.1",
        "@datastructures-js/queue": "^4.2.1",
        "@datastructures-js/set": "^4.2.0",
        "@datastructures-js/stack": "^3.1.3",
        "@datastructures-js/trie": "^4.2.1"
      }
    }
  },
  "dependencies": {
    "@datastructures-js/binary-search-tree": {
      "version": "5.0.0",
      "resolved": "https://registry.npmjs.org/@datastructures-js/binary-search-tree/-/binary-search-tree-5.0.0.tgz",
      "integrity": "sha512-EmuioutC6PWc6rDOYCSoPj4Yh8R5/1NCO6cqMa06S05wyWr2Y2DIcm71gVgQ3Nt9UBJny5Z9yXCVXGw1F7/3ng=="
    },
    "@datastructures-js/deque": {
      "version": "1.0.3",
      "resolved": "https://registry.npmjs.org/@datastructures-js/deque/-/deque-1.0.3.tgz",
      "integrity": "sha512-RAX/MdOLxKhjecTMZnZsPRLmqlmRgeC45rl2gRrbe8NvF0pVt2S1fopm/DGF/JDA1T8XSRxKvDGn7OamwusMIQ=="
    },
    "@datastructures-js/graph": {
      "version": "5.1.4",
      "resolved": "https://registry.npmjs.org/@datastructures-js/graph/-/graph-5.1.4.tgz",
      "integrity": "sha512-mvk9vC/YIvok0++Ix4sMweJXMJXbORcm5NwqGRpNC2flozpPVYF/OtnfUYu3ssawGR9qTbx8o/a9nthWv2/NLg==",
      "requires": {
        "@datastructures-js/queue": "^3.1.3"
      },
      "dependencies": {
        "@datastructures-js/queue": {
          "version": "3.1.4",
          "resolved": "https://registry.npmjs.org/@datastructures-js/queue/-/queue-3.1.4.tgz",
          "integrity": "sha512-8QqkdAJQDDd25OBX28lKj7HXD+Cxs6Ee0ogJkZUjD5R1fAvRAWsrCeKop0szqANYjMwdQQd75vyc3Cm8qNJH+Q=="
        }
      }
    },
    "@datastructures-js/heap": {
      "version": "4.1.0",
      "resolved": "https://registry.npmjs.org/@datastructures-js/heap/-/heap-4.1.0.tgz",
      "integrity": "sha512-PFKWpDhd1BEdKw2FErddES8bLT6R2/FiivT42eByshG+9vNUpsGuOr7tsKcqRo1S3XyfBnQT711HVQt2k6xRQw=="
    },
    "@datastructures-js/linked-list": {
      "version": "5.2.2",
      "resolved": "https://registry.npmjs.org/@datastructures-js/linked-list/-/linked-list-5.2.2.tgz",
      "integrity": "sha512-7NsMI5vElTWu+FaW8cx/Ac4shn68jivuYgoic+q7lhZSvG3UL2XIVOeuLRxp1ShJtn0ubqOxgVMB+i4qRG8d+Q=="
    },
    "@datastructures-js/priority-queue": {
      "version": "6.1.1",
      "resolved": "https://registry.npmjs.org/@datastructures-js/priority-queue/-/priority-queue-6.1.1.tgz",
      "integrity": "sha512-wKhIstYPW5bEbe8lzHLllktnrzw1P5KR0Rc5lZZTVMDjt6O4b8KxGxIvgs9txdtWdkVKFoiP2SbhxHArx2EYBA==",
      "requires": {
        "@datastructures-js/heap": "^4.0.2"
      }
    },
    "@datastructures-js/queue": {
      "version": "4.2.1",
      "resolved": "https://registry.npmjs.org/@datastructures-js/queue/-/queue-4.2.1.tgz",
      "integrity": "sha512-j23SNg1EyUzPhKeW37inqil/+YHwL/IIuaDftrrpqv0OKLJ6N5hhuYtGe33WCm5QppmIvbk5/dMwJ4UW+MzJPw=="
    },
    "@datastructures-js/set": {
      "version": "4.2.0",
      "resolved": "https://registry.npmjs.org/@datastructures-js/set/-/set-4.2.0.tgz",
      "integrity": "sha512-sFlV2JuXS1Jtv0FHf5A/l+cWcLAI7/u1FVN0SBgMImYe+c27z06CojoZaWrpv3IksHbKxVO2e6aazHKjc+JApw=="
    },
    "@datastructures-js/stack": {
      "version": "3.1.3",
      "resolved": "https://registry.npmjs.org/@datastructures-js/stack/-/stack-3.1.3.tgz",
      "integrity": "sha512-SMqL5ZaK787grYKkW7wJw48q2qYKd/IPcaKVOmdVJQK3cUa3A/NYE9Aab58ZcTZKAjIJd31KAtWzcuFvhTzsBA=="
    },
    "@datastructures-js/trie": {
      "version": "4.2.1",
      "resolved": "https://registry.npmjs.org/@datastructures-js/trie/-/trie-4.2.1.tgz",
      "integrity": "sha512-pplzhTrE6KbcU7JnA2ss+EOpiuvd7v121ljoGmwI1VNBG2F5Vwg64LOkrDss+x7wyo7gNOOs/ITds6Bt8in1JQ=="
    },
    "datastructures-js": {
      "version": "12.0.0",
      "resolved": "https://registry.npmjs.org/datastructures-js/-/datastructures-js-12.0.0.tgz",
      "integrity": "sha512-IxgPUTpIxoABph09Io2UYpVWoPWogSt0zjdHotWF4Nt8pBTYcWLmk14JOks5TngQHSQb3aiBs4V9Imvv3nYbIg==",
      "requires": {
        "@datastructures-js/binary-search-tree": "^5.0.0",
        "@datastructures-js/deque": "^1.0.3",
        "@datastructures-js/graph": "^5.1.4",
        "@datastructures-js/heap": "^4.1.0",
        "@datastructures-js/linked-list": "^5.2.2",
        "@datastructures-js/priority-queue": "^6.1.1",
        "@datastructures-js/queue": "^4.2.1",
        "@datastructures-js/set": "^4.2.0",
        "@datastructures-js/stack": "^3.1.3",
        "@datastructures-js/trie": "^4.2.1"
      }
    }
  }
}
